<?xml version="1.0" encoding="utf-8"?>
<Project ToolsVersion="4.0" xmlns="http://schemas.microsoft.com/developer/msbuild/2003">
  <ItemGroup>
    <Filter Include="Cooling Force">
      <UniqueIdentifier>{5FFBE087-CBBB-5CBE-94F6-A53B0076A19A}</UniqueIdentifier>
    </Filter>
    <Filter Include="Cross Section Deconvolution">
      <UniqueIdentifier>{2D01EF87-990E-1D6E-22F5-18598E01E924}</UniqueIdentifier>
    </Filter>
    <Filter Include="Energy Distribution Generation">
      <UniqueIdentifier>{1B1301B0-0739-CB16-F07E-50E2DC43F0E2}</UniqueIdentifier>
    </Filter>
    <Filter Include="general">
      <UniqueIdentifier>{23F206F0-8FD1-858B-98E9-10620448ECEC}</UniqueIdentifier>
    </Filter>
    <Filter Include="utility">
      <UniqueIdentifier>{79DE5C48-E5BD-DBE3-EED5-66BA5A344245}</UniqueIdentifier>
    </Filter>
  </ItemGroup>
  <ItemGroup>
    <ClInclude Include="src\Application.h" />
    <ClInclude Include="src\Cooling Force\CoolingForceCurve.h">
      <Filter>Cooling Force</Filter>
    </ClInclude>
    <ClInclude Include="src\Cooling Force\CoolingForceModel.h">
      <Filter>Cooling Force</Filter>
    </ClInclude>
    <ClInclude Include="src\Cooling Force\CoolingForceValue.h">
      <Filter>Cooling Force</Filter>
    </ClInclude>
    <ClInclude Include="src\Cooling Force\CoolingForceWindow.h">
      <Filter>Cooling Force</Filter>
    </ClInclude>
    <ClInclude Include="src\Cross Section Deconvolution\BoltzmannDistribution.h">
      <Filter>Cross Section Deconvolution</Filter>
    </ClInclude>
    <ClInclude Include="src\Cross Section Deconvolution\CrossSection.h">
      <Filter>Cross Section Deconvolution</Filter>
    </ClInclude>
    <ClInclude Include="src\Cross Section Deconvolution\DeconvolutionWindow.h">
      <Filter>Cross Section Deconvolution</Filter>
    </ClInclude>
    <ClInclude Include="src\Cross Section Deconvolution\PlasmaRateCoefficient.h">
      <Filter>Cross Section Deconvolution</Filter>
    </ClInclude>
    <ClInclude Include="src\Cross Section Deconvolution\RateCoefficient.h">
      <Filter>Cross Section Deconvolution</Filter>
    </ClInclude>
    <ClInclude Include="src\Energy Distribution Generation\AnalyticalDistribution.h">
      <Filter>Energy Distribution Generation</Filter>
    </ClInclude>
    <ClInclude Include="src\Energy Distribution Generation\ElectronBeam.h">
      <Filter>Energy Distribution Generation</Filter>
    </ClInclude>
    <ClInclude Include="src\Energy Distribution Generation\EnergyDistribution.h">
      <Filter>Energy Distribution Generation</Filter>
    </ClInclude>
    <ClInclude Include="src\Energy Distribution Generation\EnergyDistributionSet.h">
      <Filter>Energy Distribution Generation</Filter>
    </ClInclude>
    <ClInclude Include="src\Energy Distribution Generation\EnergyDistributionWindow.h">
      <Filter>Energy Distribution Generation</Filter>
    </ClInclude>
    <ClInclude Include="src\Energy Distribution Generation\IonBeam.h">
      <Filter>Energy Distribution Generation</Filter>
    </ClInclude>
    <ClInclude Include="src\Energy Distribution Generation\LabEnergies.h">
      <Filter>Energy Distribution Generation</Filter>
    </ClInclude>
    <ClInclude Include="src\Energy Distribution Generation\MCMC.h">
      <Filter>Energy Distribution Generation</Filter>
    </ClInclude>
    <ClInclude Include="src\general\Parameter.h">
      <Filter>general</Filter>
    </ClInclude>
    <ClInclude Include="src\general\ParameterImplementations.h">
      <Filter>general</Filter>
    </ClInclude>
    <ClInclude Include="src\pch.h" />
    <ClInclude Include="src\utility\Constants.h">
      <Filter>utility</Filter>
    </ClInclude>
    <ClInclude Include="src\utility\FileUtils.h">
      <Filter>utility</Filter>
    </ClInclude>
    <ClInclude Include="src\utility\HeatMapData.h">
      <Filter>utility</Filter>
    </ClInclude>
    <ClInclude Include="src\utility\PlotBeamData.h">
      <Filter>utility</Filter>
    </ClInclude>
    <ClInclude Include="src\utility\Point3D.h">
      <Filter>utility</Filter>
    </ClInclude>
    <ClInclude Include="src\utility\ROOTCanvas.h">
      <Filter>utility</Filter>
    </ClInclude>
  </ItemGroup>
  <ItemGroup>
    <ClCompile Include="src\Application.cpp" />
    <ClCompile Include="src\Cooling Force\CoolingForceCurve.cpp">
      <Filter>Cooling Force</Filter>
    </ClCompile>
    <ClCompile Include="src\Cooling Force\CoolingForceModel.cpp">
      <Filter>Cooling Force</Filter>
    </ClCompile>
    <ClCompile Include="src\Cooling Force\CoolingForceValue.cpp">
      <Filter>Cooling Force</Filter>
    </ClCompile>
    <ClCompile Include="src\Cooling Force\CoolingForceWindow.cpp">
      <Filter>Cooling Force</Filter>
    </ClCompile>
    <ClCompile Include="src\Cross Section Deconvolution\BoltzmannDistribution.cpp">
      <Filter>Cross Section Deconvolution</Filter>
    </ClCompile>
    <ClCompile Include="src\Cross Section Deconvolution\CrossSection.cpp">
      <Filter>Cross Section Deconvolution</Filter>
    </ClCompile>
    <ClCompile Include="src\Cross Section Deconvolution\DeconvolutionWindow.cpp">
      <Filter>Cross Section Deconvolution</Filter>
    </ClCompile>
    <ClCompile Include="src\Cross Section Deconvolution\PlasmaRateCoefficient.cpp">
      <Filter>Cross Section Deconvolution</Filter>
    </ClCompile>
    <ClCompile Include="src\Cross Section Deconvolution\RateCoefficient.cpp">
      <Filter>Cross Section Deconvolution</Filter>
    </ClCompile>
    <ClCompile Include="src\Energy Distribution Generation\AnalyticalDistribution.cpp">
      <Filter>Energy Distribution Generation</Filter>
    </ClCompile>
    <ClCompile Include="src\Energy Distribution Generation\ElectronBeam.cpp">
      <Filter>Energy Distribution Generation</Filter>
    </ClCompile>
    <ClCompile Include="src\Energy Distribution Generation\EnergyDistribution.cpp">
      <Filter>Energy Distribution Generation</Filter>
    </ClCompile>
    <ClCompile Include="src\Energy Distribution Generation\EnergyDistributionSet.cpp">
      <Filter>Energy Distribution Generation</Filter>
    </ClCompile>
    <ClCompile Include="src\Energy Distribution Generation\EnergyDistributionWindow.cpp">
      <Filter>Energy Distribution Generation</Filter>
    </ClCompile>
    <ClCompile Include="src\Energy Distribution Generation\IonBeam.cpp">
      <Filter>Energy Distribution Generation</Filter>
    </ClCompile>
    <ClCompile Include="src\Energy Distribution Generation\LabEnergies.cpp">
      <Filter>Energy Distribution Generation</Filter>
    </ClCompile>
    <ClCompile Include="src\Energy Distribution Generation\MCMC.cpp">
      <Filter>Energy Distribution Generation</Filter>
    </ClCompile>
    <ClCompile Include="src\general\ParameterImplementations.cpp">
      <Filter>general</Filter>
    </ClCompile>
    <ClCompile Include="src\main.cpp" />
    <ClCompile Include="src\pch.cpp" />
    <ClCompile Include="src\utility\FileUtils.cpp">
      <Filter>utility</Filter>
    </ClCompile>
    <ClCompile Include="src\utility\HeatMapData.cpp">
      <Filter>utility</Filter>
    </ClCompile>
    <ClCompile Include="src\utility\PlotBeamData.cpp">
      <Filter>utility</Filter>
    </ClCompile>
    <ClCompile Include="src\utility\ROOTCanvas.cpp">
      <Filter>utility</Filter>
    </ClCompile>
  </ItemGroup>
</Project>